<?xml version="1.0" encoding="utf-8"?>
<Project ToolsVersion="4.0" xmlns="http://schemas.microsoft.com/developer/msbuild/2003">
  <ItemGroup>
    <ClCompile Include="Block.cpp" />
    <ClCompile Include="Button.cpp" />
    <ClCompile Include="CheckBox.cpp" />
    <ClCompile Include="Animation.cpp" />
    <ClCompile Include="Game.cpp" />
    <ClCompile Include="GUI.cpp" />
    <ClCompile Include="Label.cpp" />
    <ClCompile Include="main.cpp" />
    <ClCompile Include="MainMenuScreen.cpp" />
    <ClCompile Include="Player.cpp" />
    <ClCompile Include="RadioButton.cpp" />
    <ClCompile Include="Slider.cpp" />
    <ClCompile Include="Widget.cpp" />
    <ClCompile Include="XBOX360CONTROLLER.cpp" />
    <ClCompile Include="Timer.cpp" />
    <ClCompile Include="GameOver.cpp" />
    <ClCompile Include="Collect.cpp" />
  </ItemGroup>
  <ItemGroup>
    <ClInclude Include="Block.h" />
    <ClInclude Include="Button.h" />
    <ClInclude Include="CheckBox.h" />
    <ClInclude Include="Animation.h" />
    <ClInclude Include="Game.h" />
    <ClInclude Include="GUI.h" />
    <ClInclude Include="Label.h" />
    <ClInclude Include="MainMenuScreen.h" />
    <ClInclude Include="Player.h" />
    <ClInclude Include="RadioButton.h" />
    <ClInclude Include="Slider.h" />
    <ClInclude Include="Widget.h" />
    <ClInclude Include="XBOX360CONTROLLER.h" />
    <ClInclude Include="Timer.h" />
    <ClInclude Include="GameOver.h" />
    <ClInclude Include="Collect.h" />
  </ItemGroup>
</Project>